
Microsoft Visual Studio Solution File, Format Version 12.00
# Visual Studio Version 16
VisualStudioVersion = 16.0.33529.622
MinimumVisualStudioVersion = 10.0.40219.1
Project("{FAE04EC0-301F-11D3-BF4B-00C04F79EFBC}") = "inheritence", "inheritence\inheritence.csproj", "{DCBF97D9-16F3-4AE2-86F4-10DD2831E8E4}"
EndProject
Global
	GlobalSection(SolutionConfigurationPlatforms) = preSolution
		Debug|Any CPU = Debug|Any CPU
		Release|Any CPU = Release|Any CPU
	EndGlobalSection
	GlobalSection(ProjectConfigurationPlatforms) = postSolution
		{DCBF97D9-16F3-4AE2-86F4-10DD2831E8E4}.Debug|Any CPU.ActiveCfg = Debug|Any CPU
		{DCBF97D9-16F3-4AE2-86F4-10DD2831E8E4}.Debug|Any CPU.Build.0 = Debug|Any CPU
		{DCBF97D9-16F3-4AE2-86F4-10DD2831E8E4}.Release|Any CPU.ActiveCfg = Release|Any CPU
		{DCBF97D9-16F3-4AE2-86F4-10DD2831E8E4}.Release|Any CPU.Build.0 = Release|Any CPU
	EndGlobalSection
	GlobalSection(SolutionProperties) = preSolution
		HideSolutionNode = FALSE
	EndGlobalSection
	GlobalSection(ExtensibilityGlobals) = postSolution
		SolutionGuid = {229DD466-B820-441B-B24C-573630C4A895}
	EndGlobalSection
EndGlobal
